// !$*UTF8*$!
{
	archiveVersion = 1;
	classes = {
	};
	objectVersion = 46;
	objects = {

/* Begin PBXBuildFile section */
		B24BCC7A1F62718D00C22090 /* AppDelegate.swift in Sources */ = {isa = PBXBuildFile; fileRef = B24BCC791F62718D00C22090 /* AppDelegate.swift */; };
		B24BCC7C1F62718D00C22090 /* ViewController.swift in Sources */ = {isa = PBXBuildFile; fileRef = B24BCC7B1F62718D00C22090 /* ViewController.swift */; };
		B24BCC7F1F62718D00C22090 /* Main.storyboard in Resources */ = {isa = PBXBuildFile; fileRef = B24BCC7D1F62718D00C22090 /* Main.storyboard */; };
		B24BCC811F62718D00C22090 /* Assets.xcassets in Resources */ = {isa = PBXBuildFile; fileRef = B24BCC801F62718D00C22090 /* Assets.xcassets */; };
		B24BCC841F62718D00C22090 /* LaunchScreen.storyboard in Resources */ = {isa = PBXBuildFile; fileRef = B24BCC821F62718D00C22090 /* LaunchScreen.storyboard */; };
		B24BCC8F1F62718D00C22090 /* QuizTests.swift in Sources */ = {isa = PBXBuildFile; fileRef = B24BCC8E1F62718D00C22090 /* QuizTests.swift */; };
		B24BCC9A1F62718D00C22090 /* QuizUITests.swift in Sources */ = {isa = PBXBuildFile; fileRef = B24BCC991F62718D00C22090 /* QuizUITests.swift */; };
/* End PBXBuildFile section */

/* Begin PBXContainerItemProxy section */
		B24BCC8B1F62718D00C22090 /* PBXContainerItemProxy */ = {
			isa = PBXContainerItemProxy;
			containerPortal = B24BCC6E1F62718D00C22090 /* Project object */;
			proxyType = 1;
			remoteGlobalIDString = B24BCC751F62718D00C22090;
			remoteInfo = Quiz;
		};
		B24BCC961F62718D00C22090 /* PBXContainerItemProxy */ = {
			isa = PBXContainerItemProxy;
			containerPortal = B24BCC6E1F62718D00C22090 /* Project object */;
			proxyType = 1;
			remoteGlobalIDString = B24BCC751F62718D00C22090;
			remoteInfo = Quiz;
		};
/* End PBXContainerItemProxy section */

/* Begin PBXFileReference section */
		B24BCC761F62718D00C22090 /* Quiz.app */ = {isa = PBXFileReference; explicitFileType = wrapper.application; includeInIndex = 0; path = Quiz.app; sourceTree = BUILT_PRODUCTS_DIR; };
		B24BCC791F62718D00C22090 /* AppDelegate.swift */ = {isa = PBXFileReference; lastKnownFileType = sourcecode.swift; path = AppDelegate.swift; sourceTree = "<group>"; };
		B24BCC7B1F62718D00C22090 /* ViewController.swift */ = {isa = PBXFileReference; lastKnownFileType = sourcecode.swift; path = ViewController.swift; sourceTree = "<group>"; };
		B24BCC7E1F62718D00C22090 /* Base */ = {isa = PBXFileReference; lastKnownFileType = file.storyboard; name = Base; path = Base.lproj/Main.storyboard; sourceTree = "<group>"; };
		B24BCC801F62718D00C22090 /* Assets.xcassets */ = {isa = PBXFileReference; lastKnownFileType = folder.assetcatalog; path = Assets.xcassets; sourceTree = "<group>"; };
		B24BCC831F62718D00C22090 /* Base */ = {isa = PBXFileReference; lastKnownFileType = file.storyboard; name = Base; path = Base.lproj/LaunchScreen.storyboard; sourceTree = "<group>"; };
		B24BCC851F62718D00C22090 /* Info.plist */ = {isa = PBXFileReference; lastKnownFileType = text.plist.xml; path = Info.plist; sourceTree = "<group>"; };
		B24BCC8A1F62718D00C22090 /* QuizTests.xctest */ = {isa = PBXFileReference; explicitFileType = wrapper.cfbundle; includeInIndex = 0; path = QuizTests.xctest; sourceTree = BUILT_PRODUCTS_DIR; };
		B24BCC8E1F62718D00C22090 /* QuizTests.swift */ = {isa = PBXFileReference; lastKnownFileType = sourcecode.swift; path = QuizTests.swift; sourceTree = "<group>"; };
		B24BCC901F62718D00C22090 /* Info.plist */ = {isa = PBXFileReference; lastKnownFileType = text.plist.xml; path = Info.plist; sourceTree = "<group>"; };
		B24BCC951F62718D00C22090 /* QuizUITests.xctest */ = {isa = PBXFileReference; explicitFileType = wrapper.cfbundle; includeInIndex = 0; path = QuizUITests.xctest; sourceTree = BUILT_PRODUCTS_DIR; };
		B24BCC991F62718D00C22090 /* QuizUITests.swift */ = {isa = PBXFileReference; lastKnownFileType = sourcecode.swift; path = QuizUITests.swift; sourceTree = "<group>"; };
		B24BCC9B1F62718D00C22090 /* Info.plist */ = {isa = PBXFileReference; lastKnownFileType = text.plist.xml; path = Info.plist; sourceTree = "<group>"; };
/* End PBXFileReference section */

/* Begin PBXFrameworksBuildPhase section */
		B24BCC731F62718D00C22090 /* Frameworks */ = {
			isa = PBXFrameworksBuildPhase;
			buildActionMask = 2147483647;
			files = (
			);
			runOnlyForDeploymentPostprocessing = 0;
		};
		B24BCC871F62718D00C22090 /* Frameworks */ = {
			isa = PBXFrameworksBuildPhase;
			buildActionMask = 2147483647;
			files = (
			);
			runOnlyForDeploymentPostprocessing = 0;
		};
		B24BCC921F62718D00C22090 /* Frameworks */ = {
			isa = PBXFrameworksBuildPhase;
			buildActionMask = 2147483647;
			files = (
			);
			runOnlyForDeploymentPostprocessing = 0;
		};
/* End PBXFrameworksBuildPhase section */

/* Begin PBXGroup section */
		B24BCC6D1F62718D00C22090 = {
			isa = PBXGroup;
			children = (
				B24BCC781F62718D00C22090 /* Quiz */,
				B24BCC8D1F62718D00C22090 /* QuizTests */,
				B24BCC981F62718D00C22090 /* QuizUITests */,
				B24BCC771F62718D00C22090 /* Products */,
			);
			sourceTree = "<group>";
		};
		B24BCC771F62718D00C22090 /* Products */ = {
			isa = PBXGroup;
			children = (
				B24BCC761F62718D00C22090 /* Quiz.app */,
				B24BCC8A1F62718D00C22090 /* QuizTests.xctest */,
				B24BCC951F62718D00C22090 /* QuizUITests.xctest */,
			);
			name = Products;
			sourceTree = "<group>";
		};
		B24BCC781F62718D00C22090 /* Quiz */ = {
			isa = PBXGroup;
			children = (
				B24BCC791F62718D00C22090 /* AppDelegate.swift */,
				B24BCC7B1F62718D00C22090 /* ViewController.swift */,
				B24BCC7D1F62718D00C22090 /* Main.storyboard */,
				B24BCC801F62718D00C22090 /* Assets.xcassets */,
				B24BCC821F62718D00C22090 /* LaunchScreen.storyboard */,
				B24BCC851F62718D00C22090 /* Info.plist */,
			);
			path = Quiz;
			sourceTree = "<group>";
		};
		B24BCC8D1F62718D00C22090 /* QuizTests */ = {
			isa = PBXGroup;
			children = (
				B24BCC8E1F62718D00C22090 /* QuizTests.swift */,
				B24BCC901F62718D00C22090 /* Info.plist */,
			);
			path = QuizTests;
			sourceTree = "<group>";
		};
		B24BCC981F62718D00C22090 /* QuizUITests */ = {
			isa = PBXGroup;
			children = (
				B24BCC991F62718D00C22090 /* QuizUITests.swift */,
				B24BCC9B1F62718D00C22090 /* Info.plist */,
			);
			path = QuizUITests;
			sourceTree = "<group>";
		};
/* End PBXGroup section */

/* Begin PBXNativeTarget section */
		B24BCC751F62718D00C22090 /* Quiz */ = {
			isa = PBXNativeTarget;
			buildConfigurationList = B24BCC9E1F62718D00C22090 /* Build configuration list for PBXNativeTarget "Quiz" */;
			buildPhases = (
				B24BCC721F62718D00C22090 /* Sources */,
				B24BCC731F62718D00C22090 /* Frameworks */,
				B24BCC741F62718D00C22090 /* Resources */,
			);
			buildRules = (
			);
			dependencies = (
			);
			name = Quiz;
			productName = Quiz;
			productReference = B24BCC761F62718D00C22090 /* Quiz.app */;
			productType = "com.apple.product-type.application";
		};
		B24BCC891F62718D00C22090 /* QuizTests */ = {
			isa = PBXNativeTarget;
			buildConfigurationList = B24BCCA11F62718D00C22090 /* Build configuration list for PBXNativeTarget "QuizTests" */;
			buildPhases = (
				B24BCC861F62718D00C22090 /* Sources */,
				B24BCC871F62718D00C22090 /* Frameworks */,
				B24BCC881F62718D00C22090 /* Resources */,
			);
			buildRules = (
			);
			dependencies = (
				B24BCC8C1F62718D00C22090 /* PBXTargetDependency */,
			);
			name = QuizTests;
			productName = QuizTests;
			productReference = B24BCC8A1F62718D00C22090 /* QuizTests.xctest */;
			productType = "com.apple.product-type.bundle.unit-test";
		};
		B24BCC941F62718D00C22090 /* QuizUITests */ = {
			isa = PBXNativeTarget;
			buildConfigurationList = B24BCCA41F62718D00C22090 /* Build configuration list for PBXNativeTarget "QuizUITests" */;
			buildPhases = (
				B24BCC911F62718D00C22090 /* Sources */,
				B24BCC921F62718D00C22090 /* Frameworks */,
				B24BCC931F62718D00C22090 /* Resources */,
			);
			buildRules = (
			);
			dependencies = (
				B24BCC971F62718D00C22090 /* PBXTargetDependency */,
			);
			name = QuizUITests;
			productName = QuizUITests;
			productReference = B24BCC951F62718D00C22090 /* QuizUITests.xctest */;
			productType = "com.apple.product-type.bundle.ui-testing";
		};
/* End PBXNativeTarget section */

/* Begin PBXProject section */
		B24BCC6E1F62718D00C22090 /* Project object */ = {
			isa = PBXProject;
			attributes = {
				LastSwiftUpdateCheck = 0830;
				LastUpgradeCheck = 0830;
				ORGANIZATIONNAME = Donie;
				TargetAttributes = {
					B24BCC751F62718D00C22090 = {
						CreatedOnToolsVersion = 8.3.3;
						ProvisioningStyle = Automatic;
					};
					B24BCC891F62718D00C22090 = {
						CreatedOnToolsVersion = 8.3.3;
						ProvisioningStyle = Automatic;
						TestTargetID = B24BCC751F62718D00C22090;
					};
					B24BCC941F62718D00C22090 = {
						CreatedOnToolsVersion = 8.3.3;
						ProvisioningStyle = Automatic;
						TestTargetID = B24BCC751F62718D00C22090;
					};
				};
			};
			buildConfigurationList = B24BCC711F62718D00C22090 /* Build configuration list for PBXProject "Quiz" */;
			compatibilityVersion = "Xcode 3.2";
			developmentRegion = English;
			hasScannedForEncodings = 0;
			knownRegions = (
				en,
				Base,
			);
			mainGroup = B24BCC6D1F62718D00C22090;
			productRefGroup = B24BCC771F62718D00C22090 /* Products */;
			projectDirPath = "";
			projectRoot = "";
			targets = (
				B24BCC751F62718D00C22090 /* Quiz */,
				B24BCC891F62718D00C22090 /* QuizTests */,
				B24BCC941F62718D00C22090 /* QuizUITests */,
			);
		};
/* End PBXProject section */

/* Begin PBXResourcesBuildPhase section */
		B24BCC741F62718D00C22090 /* Resources */ = {
			isa = PBXResourcesBuildPhase;
			buildActionMask = 2147483647;
			files = (
				B24BCC841F62718D00C22090 /* LaunchScreen.storyboard in Resources */,
				B24BCC811F62718D00C22090 /* Assets.xcassets in Resources */,
				B24BCC7F1F62718D00C22090 /* Main.storyboard in Resources */,
			);
			runOnlyForDeploymentPostprocessing = 0;
		};
		B24BCC881F62718D00C22090 /* Resources */ = {
			isa = PBXResourcesBuildPhase;
			buildActionMask = 2147483647;
			files = (
			);
			runOnlyForDeploymentPostprocessing = 0;
		};
		B24BCC931F62718D00C22090 /* Resources */ = {
			isa = PBXResourcesBuildPhase;
			buildActionMask = 2147483647;
			files = (
			);
			runOnlyForDeploymentPostprocessing = 0;
		};
/* End PBXResourcesBuildPhase section */

/* Begin PBXSourcesBuildPhase section */
		B24BCC721F62718D00C22090 /* Sources */ = {
			isa = PBXSourcesBuildPhase;
			buildActionMask = 2147483647;
			files = (
				B24BCC7C1F62718D00C22090 /* ViewController.swift in Sources */,
				B24BCC7A1F62718D00C22090 /* AppDelegate.swift in Sources */,
			);
			runOnlyForDeploymentPostprocessing = 0;
		};
		B24BCC861F62718D00C22090 /* Sources */ = {
			isa = PBXSourcesBuildPhase;
			buildActionMask = 2147483647;
			files = (
				B24BCC8F1F62718D00C22090 /* QuizTests.swift in Sources */,
			);
			runOnlyForDeploymentPostprocessing = 0;
		};
		B24BCC911F62718D00C22090 /* Sources */ = {
			isa = PBXSourcesBuildPhase;
			buildActionMask = 2147483647;
			files = (
				B24BCC9A1F62718D00C22090 /* QuizUITests.swift in Sources */,
			);
			runOnlyForDeploymentPostprocessing = 0;
		};
/* End PBXSourcesBuildPhase section */

/* Begin PBXTargetDependency section */
		B24BCC8C1F62718D00C22090 /* PBXTargetDependency */ = {
			isa = PBXTargetDependency;
			target = B24BCC751F62718D00C22090 /* Quiz */;
			targetProxy = B24BCC8B1F62718D00C22090 /* PBXContainerItemProxy */;
		};
		B24BCC971F62718D00C22090 /* PBXTargetDependency */ = {
			isa = PBXTargetDependency;
			target = B24BCC751F62718D00C22090 /* Quiz */;
			targetProxy = B24BCC961F62718D00C22090 /* PBXContainerItemProxy */;
		};
/* End PBXTargetDependency section */

/* Begin PBXVariantGroup section */
		B24BCC7D1F62718D00C22090 /* Main.storyboard */ = {
			isa = PBXVariantGroup;
			children = (
				B24BCC7E1F62718D00C22090 /* Base */,
			);
			name = Main.storyboard;
			sourceTree = "<group>";
		};
		B24BCC821F62718D00C22090 /* LaunchScreen.storyboard */ = {
			isa = PBXVariantGroup;
			children = (
				B24BCC831F62718D00C22090 /* Base */,
			);
			name = LaunchScreen.storyboard;
			sourceTree = "<group>";
		};
/* End PBXVariantGroup section */

/* Begin XCBuildConfiguration section */
		B24BCC9C1F62718D00C22090 /* Debug */ = {
			isa = XCBuildConfiguration;
			buildSettings = {
				ALWAYS_SEARCH_USER_PATHS = NO;
				CLANG_ANALYZER_NONNULL = YES;
				CLANG_ANALYZER_NUMBER_OBJECT_CONVERSION = YES_AGGRESSIVE;
				CLANG_CXX_LANGUAGE_STANDARD = "gnu++0x";
				CLANG_CXX_LIBRARY = "libc++";
				CLANG_ENABLE_MODULES = YES;
				CLANG_ENABLE_OBJC_ARC = YES;
				CLANG_WARN_BOOL_CONVERSION = YES;
				CLANG_WARN_CONSTANT_CONVERSION = YES;
				CLANG_WARN_DIRECT_OBJC_ISA_USAGE = YES_ERROR;
				CLANG_WARN_DOCUMENTATION_COMMENTS = YES;
				CLANG_WARN_EMPTY_BODY = YES;
				CLANG_WARN_ENUM_CONVERSION = YES;
				CLANG_WARN_INFINITE_RECURSION = YES;
				CLANG_WARN_INT_CONVERSION = YES;
				CLANG_WARN_OBJC_ROOT_CLASS = YES_ERROR;
				CLANG_WARN_SUSPICIOUS_MOVE = YES;
				CLANG_WARN_UNREACHABLE_CODE = YES;
				CLANG_WARN__DUPLICATE_METHOD_MATCH = YES;
				"CODE_SIGN_IDENTITY[sdk=iphoneos*]" = "iPhone Developer";
				COPY_PHASE_STRIP = NO;
				DEBUG_INFORMATION_FORMAT = dwarf;
				ENABLE_STRICT_OBJC_MSGSEND = YES;
				ENABLE_TESTABILITY = YES;
				GCC_C_LANGUAGE_STANDARD = gnu99;
				GCC_DYNAMIC_NO_PIC = NO;
				GCC_NO_COMMON_BLOCKS = YES;
				GCC_OPTIMIZATION_LEVEL = 0;
				GCC_PREPROCESSOR_DEFINITIONS = (
					"DEBUG=1",
					"$(inherited)",
				);
				GCC_WARN_64_TO_32_BIT_CONVERSION = YES;
				GCC_WARN_ABOUT_RETURN_TYPE = YES_ERROR;
				GCC_WARN_UNDECLARED_SELECTOR = YES;
				GCC_WARN_UNINITIALIZED_AUTOS = YES_AGGRESSIVE;
				GCC_WARN_UNUSED_FUNCTION = YES;
				GCC_WARN_UNUSED_VARIABLE = YES;
				IPHONEOS_DEPLOYMENT_TARGET = 10.3;
				MTL_ENABLE_DEBUG_INFO = YES;
				ONLY_ACTIVE_ARCH = YES;
				SDKROOT = iphoneos;
				SWIFT_ACTIVE_COMPILATION_CONDITIONS = DEBUG;
				SWIFT_OPTIMIZATION_LEVEL = "-Onone";
				TARGETED_DEVICE_FAMILY = "1,2";
			};
			name = Debug;
		};
		B24BCC9D1F62718D00C22090 /* Release */ = {
			isa = XCBuildConfiguration;
			buildSettings = {
				ALWAYS_SEARCH_USER_PATHS = NO;
				CLANG_ANALYZER_NONNULL = YES;
				CLANG_ANALYZER_NUMBER_OBJECT_CONVERSION = YES_AGGRESSIVE;
				CLANG_CXX_LANGUAGE_STANDARD = "gnu++0x";
				CLANG_CXX_LIBRARY = "libc++";
				CLANG_ENABLE_MODULES = YES;
				CLANG_ENABLE_OBJC_ARC = YES;
				CLANG_WARN_BOOL_CONVERSION = YES;
				CLANG_WARN_CONSTANT_CONVERSION = YES;
				CLANG_WARN_DIRECT_OBJC_ISA_USAGE = YES_ERROR;
				CLANG_WARN_DOCUMENTATION_COMMENTS = YES;
				CLANG_WARN_EMPTY_BODY = YES;
				CLANG_WARN_ENUM_CONVERSION = YES;
				CLANG_WARN_INFINITE_RECURSION = YES;
				CLANG_WARN_INT_CONVERSION = YES;
				CLANG_WARN_OBJC_ROOT_CLASS = YES_ERROR;
				CLANG_WARN_SUSPICIOUS_MOVE = YES;
				CLANG_WARN_UNREACHABLE_CODE = YES;
				CLANG_WARN__DUPLICATE_METHOD_MATCH = YES;
				"CODE_SIGN_IDENTITY[sdk=iphoneos*]" = "iPhone Developer";
				COPY_PHASE_STRIP = NO;
				DEBUG_INFORMATION_FORMAT = "dwarf-with-dsym";
				ENABLE_NS_ASSERTIONS = NO;
				ENABLE_STRICT_OBJC_MSGSEND = YES;
				GCC_C_LANGUAGE_STANDARD = gnu99;
				GCC_NO_COMMON_BLOCKS = YES;
				GCC_WARN_64_TO_32_BIT_CONVERSION = YES;
				GCC_WARN_ABOUT_RETURN_TYPE = YES_ERROR;
				GCC_WARN_UNDECLARED_SELECTOR = YES;
				GCC_WARN_UNINITIALIZED_AUTOS = YES_AGGRESSIVE;
				GCC_WARN_UNUSED_FUNCTION = YES;
				GCC_WARN_UNUSED_VARIABLE = YES;
				IPHONEOS_DEPLOYMENT_TARGET = 10.3;
				MTL_ENABLE_DEBUG_INFO = NO;
				SDKROOT = iphoneos;
				SWIFT_OPTIMIZATION_LEVEL = "-Owholemodule";
				TARGETED_DEVICE_FAMILY = "1,2";
				VALIDATE_PRODUCT = YES;
			};
			name = Release;
		};
		B24BCC9F1F62718D00C22090 /* Debug */ = {
			isa = XCBuildConfiguration;
			buildSettings = {
				ASSETCATALOG_COMPILER_APPICON_NAME = AppIcon;
				INFOPLIST_FILE = Quiz/Info.plist;
				LD_RUNPATH_SEARCH_PATHS = "$(inherited) @executable_path/Frameworks";
				PRODUCT_BUNDLE_IDENTIFIER = org.0x3f.Quiz;
				PRODUCT_NAME = "$(TARGET_NAME)";
				SWIFT_VERSION = 3.0;
			};
			name = Debug;
		};
		B24BCCA01F62718D00C22090 /* Release */ = {
			isa = XCBuildConfiguration;
			buildSettings = {
				ASSETCATALOG_COMPILER_APPICON_NAME = AppIcon;
				INFOPLIST_FILE = Quiz/Info.plist;
				LD_RUNPATH_SEARCH_PATHS = "$(inherited) @executable_path/Frameworks";
				PRODUCT_BUNDLE_IDENTIFIER = org.0x3f.Quiz;
				PRODUCT_NAME = "$(TARGET_NAME)";
				SWIFT_VERSION = 3.0;
			};
			name = Release;
		};
		B24BCCA21F62718D00C22090 /* Debug */ = {
			isa = XCBuildConfiguration;
			buildSettings = {
				ALWAYS_EMBED_SWIFT_STANDARD_LIBRARIES = YES;
				BUNDLE_LOADER = "$(TEST_HOST)";
				INFOPLIST_FILE = QuizTests/Info.plist;
				LD_RUNPATH_SEARCH_PATHS = "$(inherited) @executable_path/Frameworks @loader_path/Frameworks";
				PRODUCT_BUNDLE_IDENTIFIER = org.0x3f.QuizTests;
				PRODUCT_NAME = "$(TARGET_NAME)";
				SWIFT_VERSION = 3.0;
				TEST_HOST = "$(BUILT_PRODUCTS_DIR)/Quiz.app/Quiz";
			};
			name = Debug;
		};
		B24BCCA31F62718D00C22090 /* Release */ = {
			isa = XCBuildConfiguration;
			buildSettings = {
				ALWAYS_EMBED_SWIFT_STANDARD_LIBRARIES = YES;
				BUNDLE_LOADER = "$(TEST_HOST)";
				INFOPLIST_FILE = QuizTests/Info.plist;
				LD_RUNPATH_SEARCH_PATHS = "$(inherited) @executable_path/Frameworks @loader_path/Frameworks";
				PRODUCT_BUNDLE_IDENTIFIER = org.0x3f.QuizTests;
				PRODUCT_NAME = "$(TARGET_NAME)";
				SWIFT_VERSION = 3.0;
				TEST_HOST = "$(BUILT_PRODUCTS_DIR)/Quiz.app/Quiz";
			};
			name = Release;
		};
		B24BCCA51F62718D00C22090 /* Debug */ = {
			isa = XCBuildConfiguration;
			buildSettings = {
				ALWAYS_EMBED_SWIFT_STANDARD_LIBRARIES = YES;
				INFOPLIST_FILE = QuizUITests/Info.plist;
				LD_RUNPATH_SEARCH_PATHS = "$(inherited) @executable_path/Frameworks @loader_path/Frameworks";
				PRODUCT_BUNDLE_IDENTIFIER = org.0x3f.QuizUITests;
				PRODUCT_NAME = "$(TARGET_NAME)";
				SWIFT_VERSION = 3.0;
				TEST_TARGET_NAME = Quiz;
			};
			name = Debug;
		};
		B24BCCA61F62718D00C22090 /* Release */ = {
			isa = XCBuildConfiguration;
			buildSettings = {
				ALWAYS_EMBED_SWIFT_STANDARD_LIBRARIES = YES;
				INFOPLIST_FILE = QuizUITests/Info.plist;
				LD_RUNPATH_SEARCH_PATHS = "$(inherited) @executable_path/Frameworks @loader_path/Frameworks";
				PRODUCT_BUNDLE_IDENTIFIER = org.0x3f.QuizUITests;
				PRODUCT_NAME = "$(TARGET_NAME)";
				SWIFT_VERSION = 3.0;
				TEST_TARGET_NAME = Quiz;
			};
			name = Release;
		};
/* End XCBuildConfiguration section */

/* Begin XCConfigurationList section */
		B24BCC711F62718D00C22090 /* Build configuration list for PBXProject "Quiz" */ = {
			isa = XCConfigurationList;
			buildConfigurations = (
				B24BCC9C1F62718D00C22090 /* Debug */,
				B24BCC9D1F62718D00C22090 /* Release */,
			);
			defaultConfigurationIsVisible = 0;
			defaultConfigurationName = Release;
		};
		B24BCC9E1F62718D00C22090 /* Build configuration list for PBXNativeTarget "Quiz" */ = {
			isa = XCConfigurationList;
			buildConfigurations = (
				B24BCC9F1F62718D00C22090 /* Debug */,
				B24BCCA01F62718D00C22090 /* Release */,
			);
			defaultConfigurationIsVisible = 0;
			defaultConfigurationName = Release;
		};
		B24BCCA11F62718D00C22090 /* Build configuration list for PBXNativeTarget "QuizTests" */ = {
			isa = XCConfigurationList;
			buildConfigurations = (
				B24BCCA21F62718D00C22090 /* Debug */,
				B24BCCA31F62718D00C22090 /* Release */,
			);
			defaultConfigurationIsVisible = 0;
			defaultConfigurationName = Release;
		};
		B24BCCA41F62718D00C22090 /* Build configuration list for PBXNativeTarget "QuizUITests" */ = {
			isa = XCConfigurationList;
			buildConfigurations = (
				B24BCCA51F62718D00C22090 /* Debug */,
				B24BCCA61F62718D00C22090 /* Release */,
			);
			defaultConfigurationIsVisible = 0;
			defaultConfigurationName = Release;
		};
/* End XCConfigurationList section */
	};
	rootObject = B24BCC6E1F62718D00C22090 /* Project object */;
}
